// !$*UTF8*$!
{
	archiveVersion = 1;
	classes = {
	};
	objectVersion = 77;
	objects = {

/* Begin PBXBuildFile section */
		1EA1B28D2DDF6B1C001F1E5D /* Assets.xcassets in Resources */ = {isa = PBXBuildFile; fileRef = 1EA1B2892DDF6B1C001F1E5D /* Assets.xcassets */; };
		1EA1B28E2DDF6B1C001F1E5D /* ContentView.swift in Sources */ = {isa = PBXBuildFile; fileRef = 1EA1B28A2DDF6B1C001F1E5D /* ContentView.swift */; };
		1EA1B28F2DDF6B1C001F1E5D /* PWRWeatherApp.swift in Sources */ = {isa = PBXBuildFile; fileRef = 1EA1B28B2DDF6B1C001F1E5D /* PWRWeatherApp.swift */; };
		1EA1B2992DDF6E52001F1E5D /* CurrentWeatherSummaryView.swift in Sources */ = {isa = PBXBuildFile; fileRef = 1EA1B2982DDF6E52001F1E5D /* CurrentWeatherSummaryView.swift */; };
		1EA1B29B2DDF6EC3001F1E5D /* Utils.swift in Sources */ = {isa = PBXBuildFile; fileRef = 1EA1B29A2DDF6EC3001F1E5D /* Utils.swift */; };
		1EA1B29D2DDF6F1E001F1E5D /* CurrentWeatherHourlyDataView.swift in Sources */ = {isa = PBXBuildFile; fileRef = 1EA1B29C2DDF6F1E001F1E5D /* CurrentWeatherHourlyDataView.swift */; };
		1EA1B29F2DDF6F3E001F1E5D /* UpcomingDailyForecastView.swift in Sources */ = {isa = PBXBuildFile; fileRef = 1EA1B29E2DDF6F3E001F1E5D /* UpcomingDailyForecastView.swift */; };
		1EA1B2A22DDF6F8E001F1E5D /* ForecastLocationViewModel.swift in Sources */ = {isa = PBXBuildFile; fileRef = 1EA1B2A12DDF6F8E001F1E5D /* ForecastLocationViewModel.swift */; };
		1EA1B2A52DDF6FC8001F1E5D /* WeatherModel.swift in Sources */ = {isa = PBXBuildFile; fileRef = 1EA1B2A42DDF6FC8001F1E5D /* WeatherModel.swift */; };
		1EA1B2AB2DDF7068001F1E5D /* APIService.swift in Sources */ = {isa = PBXBuildFile; fileRef = 1EA1B2AA2DDF7068001F1E5D /* APIService.swift */; };
		1EA1B2AD2DDF7088001F1E5D /* APIError.swift in Sources */ = {isa = PBXBuildFile; fileRef = 1EA1B2AC2DDF7088001F1E5D /* APIError.swift */; };
		1EA1B2AF2DDF70D0001F1E5D /* DeviceLocationManager.swift in Sources */ = {isa = PBXBuildFile; fileRef = 1EA1B2AE2DDF70D0001F1E5D /* DeviceLocationManager.swift */; };
		1EA1B2B12DDF7153001F1E5D /* ForecastLocation.swift in Sources */ = {isa = PBXBuildFile; fileRef = 1EA1B2B02DDF7153001F1E5D /* ForecastLocation.swift */; };
		1EA1B2B42DDF71AD001F1E5D /* LocationStorage.swift in Sources */ = {isa = PBXBuildFile; fileRef = 1EA1B2B32DDF71AD001F1E5D /* LocationStorage.swift */; };
		1EA1B2B62DDF7238001F1E5D /* ForecastViewModel.swift in Sources */ = {isa = PBXBuildFile; fileRef = 1EA1B2B52DDF7238001F1E5D /* ForecastViewModel.swift */; };
		1EA1B2BD2DDF8B87001F1E5D /* Launch Screen.storyboard in Resources */ = {isa = PBXBuildFile; fileRef = 1EA1B2BC2DDF8B87001F1E5D /* Launch Screen.storyboard */; };
		1EA1B2C12DDF931A001F1E5D /* ForecastLocationSearchView.swift in Sources */ = {isa = PBXBuildFile; fileRef = 1EA1B2C02DDF9318001F1E5D /* ForecastLocationSearchView.swift */; };
/* End PBXBuildFile section */

/* Begin PBXFileReference section */
		1EA1B2742DDF6A7C001F1E5D /* PWRWeather.app */ = {isa = PBXFileReference; explicitFileType = wrapper.application; includeInIndex = 0; path = PWRWeather.app; sourceTree = BUILT_PRODUCTS_DIR; };
		1EA1B2892DDF6B1C001F1E5D /* Assets.xcassets */ = {isa = PBXFileReference; lastKnownFileType = folder.assetcatalog; path = Assets.xcassets; sourceTree = "<group>"; };
		1EA1B28A2DDF6B1C001F1E5D /* ContentView.swift */ = {isa = PBXFileReference; lastKnownFileType = sourcecode.swift; path = ContentView.swift; sourceTree = "<group>"; };
		1EA1B28B2DDF6B1C001F1E5D /* PWRWeatherApp.swift */ = {isa = PBXFileReference; lastKnownFileType = sourcecode.swift; path = PWRWeatherApp.swift; sourceTree = "<group>"; };
		1EA1B2982DDF6E52001F1E5D /* CurrentWeatherSummaryView.swift */ = {isa = PBXFileReference; lastKnownFileType = sourcecode.swift; path = CurrentWeatherSummaryView.swift; sourceTree = "<group>"; };
		1EA1B29A2DDF6EC3001F1E5D /* Utils.swift */ = {isa = PBXFileReference; lastKnownFileType = sourcecode.swift; path = Utils.swift; sourceTree = "<group>"; };
		1EA1B29C2DDF6F1E001F1E5D /* CurrentWeatherHourlyDataView.swift */ = {isa = PBXFileReference; lastKnownFileType = sourcecode.swift; path = CurrentWeatherHourlyDataView.swift; sourceTree = "<group>"; };
		1EA1B29E2DDF6F3E001F1E5D /* UpcomingDailyForecastView.swift */ = {isa = PBXFileReference; lastKnownFileType = sourcecode.swift; path = UpcomingDailyForecastView.swift; sourceTree = "<group>"; };
		1EA1B2A12DDF6F8E001F1E5D /* ForecastLocationViewModel.swift */ = {isa = PBXFileReference; lastKnownFileType = sourcecode.swift; path = ForecastLocationViewModel.swift; sourceTree = "<group>"; };
		1EA1B2A42DDF6FC8001F1E5D /* WeatherModel.swift */ = {isa = PBXFileReference; lastKnownFileType = sourcecode.swift; path = WeatherModel.swift; sourceTree = "<group>"; };
		1EA1B2AA2DDF7068001F1E5D /* APIService.swift */ = {isa = PBXFileReference; lastKnownFileType = sourcecode.swift; path = APIService.swift; sourceTree = "<group>"; };
		1EA1B2AC2DDF7088001F1E5D /* APIError.swift */ = {isa = PBXFileReference; lastKnownFileType = sourcecode.swift; path = APIError.swift; sourceTree = "<group>"; };
		1EA1B2AE2DDF70D0001F1E5D /* DeviceLocationManager.swift */ = {isa = PBXFileReference; lastKnownFileType = sourcecode.swift; path = DeviceLocationManager.swift; sourceTree = "<group>"; };
		1EA1B2B02DDF7153001F1E5D /* ForecastLocation.swift */ = {isa = PBXFileReference; lastKnownFileType = sourcecode.swift; path = ForecastLocation.swift; sourceTree = "<group>"; };
		1EA1B2B32DDF71AD001F1E5D /* LocationStorage.swift */ = {isa = PBXFileReference; lastKnownFileType = sourcecode.swift; path = LocationStorage.swift; sourceTree = "<group>"; };
		1EA1B2B52DDF7238001F1E5D /* ForecastViewModel.swift */ = {isa = PBXFileReference; lastKnownFileType = sourcecode.swift; path = ForecastViewModel.swift; sourceTree = "<group>"; };
		1EA1B2BB2DDF7FCD001F1E5D /* Info.plist */ = {isa = PBXFileReference; lastKnownFileType = text.plist.xml; path = Info.plist; sourceTree = "<group>"; };
		1EA1B2BC2DDF8B87001F1E5D /* Launch Screen.storyboard */ = {isa = PBXFileReference; lastKnownFileType = file.storyboard; path = "Launch Screen.storyboard"; sourceTree = "<group>"; };
		1EA1B2C02DDF9318001F1E5D /* ForecastLocationSearchView.swift */ = {isa = PBXFileReference; lastKnownFileType = sourcecode.swift; path = ForecastLocationSearchView.swift; sourceTree = "<group>"; };
/* End PBXFileReference section */

/* Begin PBXFrameworksBuildPhase section */
		1EA1B2712DDF6A7C001F1E5D /* Frameworks */ = {
			isa = PBXFrameworksBuildPhase;
			buildActionMask = 2147483647;
			files = (
			);
			runOnlyForDeploymentPostprocessing = 0;
		};
/* End PBXFrameworksBuildPhase section */

/* Begin PBXGroup section */
		1EA1B26B2DDF6A7C001F1E5D = {
			isa = PBXGroup;
			children = (
				1EA1B28C2DDF6B1C001F1E5D /* PWRWeather */,
				1EA1B2752DDF6A7C001F1E5D /* Products */,
			);
			sourceTree = "<group>";
		};
		1EA1B2752DDF6A7C001F1E5D /* Products */ = {
			isa = PBXGroup;
			children = (
				1EA1B2742DDF6A7C001F1E5D /* PWRWeather.app */,
			);
			name = Products;
			sourceTree = "<group>";
		};
		1EA1B2882DDF6B04001F1E5D /* App */ = {
			isa = PBXGroup;
			children = (
				1EA1B28A2DDF6B1C001F1E5D /* ContentView.swift */,
				1EA1B28B2DDF6B1C001F1E5D /* PWRWeatherApp.swift */,
			);
			path = App;
			sourceTree = "<group>";
		};
		1EA1B28C2DDF6B1C001F1E5D /* PWRWeather */ = {
			isa = PBXGroup;
			children = (
				1EA1B2BB2DDF7FCD001F1E5D /* Info.plist */,
				1EA1B2882DDF6B04001F1E5D /* App */,
				1EA1B2912DDF6DD7001F1E5D /* View */,
				1EA1B2A02DDF6F5B001F1E5D /* ViewModel */,
				1EA1B2A32DDF6FAF001F1E5D /* Model */,
				1EA1B2A62DDF7012001F1E5D /* Managers */,
				1EA1B2902DDF6B3C001F1E5D /* Resources */,
			);
			path = PWRWeather;
			sourceTree = "<group>";
		};
		1EA1B2902DDF6B3C001F1E5D /* Resources */ = {
			isa = PBXGroup;
			children = (
				1EA1B2892DDF6B1C001F1E5D /* Assets.xcassets */,
				1EA1B29A2DDF6EC3001F1E5D /* Utils.swift */,
				1EA1B2BC2DDF8B87001F1E5D /* Launch Screen.storyboard */,
			);
			path = Resources;
			sourceTree = "<group>";
		};
		1EA1B2912DDF6DD7001F1E5D /* View */ = {
			isa = PBXGroup;
			children = (
				1EA1B2C02DDF9318001F1E5D /* ForecastLocationSearchView.swift */,
				1EA1B2982DDF6E52001F1E5D /* CurrentWeatherSummaryView.swift */,
				1EA1B29C2DDF6F1E001F1E5D /* CurrentWeatherHourlyDataView.swift */,
				1EA1B29E2DDF6F3E001F1E5D /* UpcomingDailyForecastView.swift */,
			);
			path = View;
			sourceTree = "<group>";
		};
		1EA1B2A02DDF6F5B001F1E5D /* ViewModel */ = {
			isa = PBXGroup;
			children = (
				1EA1B2A12DDF6F8E001F1E5D /* ForecastLocationViewModel.swift */,
				1EA1B2B52DDF7238001F1E5D /* ForecastViewModel.swift */,
			);
			path = ViewModel;
			sourceTree = "<group>";
		};
		1EA1B2A32DDF6FAF001F1E5D /* Model */ = {
			isa = PBXGroup;
			children = (
				1EA1B2A42DDF6FC8001F1E5D /* WeatherModel.swift */,
			);
			path = Model;
			sourceTree = "<group>";
		};
		1EA1B2A62DDF7012001F1E5D /* Managers */ = {
			isa = PBXGroup;
			children = (
				1EA1B2A72DDF7020001F1E5D /* Network */,
				1EA1B2A82DDF7028001F1E5D /* Location */,
				1EA1B2B22DDF7194001F1E5D /* Storage */,
			);
			path = Managers;
			sourceTree = "<group>";
		};
		1EA1B2A72DDF7020001F1E5D /* Network */ = {
			isa = PBXGroup;
			children = (
				1EA1B2AA2DDF7068001F1E5D /* APIService.swift */,
				1EA1B2AC2DDF7088001F1E5D /* APIError.swift */,
			);
			path = Network;
			sourceTree = "<group>";
		};
		1EA1B2A82DDF7028001F1E5D /* Location */ = {
			isa = PBXGroup;
			children = (
				1EA1B2AE2DDF70D0001F1E5D /* DeviceLocationManager.swift */,
				1EA1B2B02DDF7153001F1E5D /* ForecastLocation.swift */,
			);
			path = Location;
			sourceTree = "<group>";
		};
		1EA1B2B22DDF7194001F1E5D /* Storage */ = {
			isa = PBXGroup;
			children = (
				1EA1B2B32DDF71AD001F1E5D /* LocationStorage.swift */,
			);
			path = Storage;
			sourceTree = "<group>";
		};
/* End PBXGroup section */

/* Begin PBXNativeTarget section */
		1EA1B2732DDF6A7C001F1E5D /* PWRWeather */ = {
			isa = PBXNativeTarget;
			buildConfigurationList = 1EA1B27F2DDF6A7D001F1E5D /* Build configuration list for PBXNativeTarget "PWRWeather" */;
			buildPhases = (
				1EA1B2702DDF6A7C001F1E5D /* Sources */,
				1EA1B2712DDF6A7C001F1E5D /* Frameworks */,
				1EA1B2722DDF6A7C001F1E5D /* Resources */,
			);
			buildRules = (
			);
			dependencies = (
			);
			name = PWRWeather;
			packageProductDependencies = (
			);
			productName = PWRWeather;
			productReference = 1EA1B2742DDF6A7C001F1E5D /* PWRWeather.app */;
			productType = "com.apple.product-type.application";
		};
/* End PBXNativeTarget section */

/* Begin PBXProject section */
		1EA1B26C2DDF6A7C001F1E5D /* Project object */ = {
			isa = PBXProject;
			attributes = {
				BuildIndependentTargetsInParallel = 1;
				LastSwiftUpdateCheck = 1630;
				LastUpgradeCheck = 1630;
				TargetAttributes = {
					1EA1B2732DDF6A7C001F1E5D = {
						CreatedOnToolsVersion = 16.3;
					};
				};
			};
			buildConfigurationList = 1EA1B26F2DDF6A7C001F1E5D /* Build configuration list for PBXProject "PWRWeather" */;
			developmentRegion = en;
			hasScannedForEncodings = 0;
			knownRegions = (
				en,
				Base,
			);
			mainGroup = 1EA1B26B2DDF6A7C001F1E5D;
			minimizedProjectReferenceProxies = 1;
			preferredProjectObjectVersion = 77;
			productRefGroup = 1EA1B2752DDF6A7C001F1E5D /* Products */;
			projectDirPath = "";
			projectRoot = "";
			targets = (
				1EA1B2732DDF6A7C001F1E5D /* PWRWeather */,
			);
		};
/* End PBXProject section */

/* Begin PBXResourcesBuildPhase section */
		1EA1B2722DDF6A7C001F1E5D /* Resources */ = {
			isa = PBXResourcesBuildPhase;
			buildActionMask = 2147483647;
			files = (
				1EA1B2BD2DDF8B87001F1E5D /* Launch Screen.storyboard in Resources */,
				1EA1B28D2DDF6B1C001F1E5D /* Assets.xcassets in Resources */,
			);
			runOnlyForDeploymentPostprocessing = 0;
		};
/* End PBXResourcesBuildPhase section */

/* Begin PBXSourcesBuildPhase section */
		1EA1B2702DDF6A7C001F1E5D /* Sources */ = {
			isa = PBXSourcesBuildPhase;
			buildActionMask = 2147483647;
			files = (
				1EA1B29D2DDF6F1E001F1E5D /* CurrentWeatherHourlyDataView.swift in Sources */,
				1EA1B2AF2DDF70D0001F1E5D /* DeviceLocationManager.swift in Sources */,
				1EA1B29B2DDF6EC3001F1E5D /* Utils.swift in Sources */,
				1EA1B28E2DDF6B1C001F1E5D /* ContentView.swift in Sources */,
				1EA1B2B12DDF7153001F1E5D /* ForecastLocation.swift in Sources */,
				1EA1B2992DDF6E52001F1E5D /* CurrentWeatherSummaryView.swift in Sources */,
				1EA1B2A52DDF6FC8001F1E5D /* WeatherModel.swift in Sources */,
				1EA1B2AB2DDF7068001F1E5D /* APIService.swift in Sources */,
				1EA1B28F2DDF6B1C001F1E5D /* PWRWeatherApp.swift in Sources */,
				1EA1B2B62DDF7238001F1E5D /* ForecastViewModel.swift in Sources */,
				1EA1B2A22DDF6F8E001F1E5D /* ForecastLocationViewModel.swift in Sources */,
				1EA1B2C12DDF931A001F1E5D /* ForecastLocationSearchView.swift in Sources */,
				1EA1B29F2DDF6F3E001F1E5D /* UpcomingDailyForecastView.swift in Sources */,
				1EA1B2AD2DDF7088001F1E5D /* APIError.swift in Sources */,
				1EA1B2B42DDF71AD001F1E5D /* LocationStorage.swift in Sources */,
			);
			runOnlyForDeploymentPostprocessing = 0;
		};
/* End PBXSourcesBuildPhase section */

/* Begin XCBuildConfiguration section */
		1EA1B27D2DDF6A7D001F1E5D /* Debug */ = {
			isa = XCBuildConfiguration;
			buildSettings = {
				ALWAYS_SEARCH_USER_PATHS = NO;
				ASSETCATALOG_COMPILER_GENERATE_SWIFT_ASSET_SYMBOL_EXTENSIONS = YES;
				CLANG_ANALYZER_NONNULL = YES;
				CLANG_ANALYZER_NUMBER_OBJECT_CONVERSION = YES_AGGRESSIVE;
				CLANG_CXX_LANGUAGE_STANDARD = "gnu++20";
				CLANG_ENABLE_MODULES = YES;
				CLANG_ENABLE_OBJC_ARC = YES;
				CLANG_ENABLE_OBJC_WEAK = YES;
				CLANG_WARN_BLOCK_CAPTURE_AUTORELEASING = YES;
				CLANG_WARN_BOOL_CONVERSION = YES;
				CLANG_WARN_COMMA = YES;
				CLANG_WARN_CONSTANT_CONVERSION = YES;
				CLANG_WARN_DEPRECATED_OBJC_IMPLEMENTATIONS = YES;
				CLANG_WARN_DIRECT_OBJC_ISA_USAGE = YES_ERROR;
				CLANG_WARN_DOCUMENTATION_COMMENTS = YES;
				CLANG_WARN_EMPTY_BODY = YES;
				CLANG_WARN_ENUM_CONVERSION = YES;
				CLANG_WARN_INFINITE_RECURSION = YES;
				CLANG_WARN_INT_CONVERSION = YES;
				CLANG_WARN_NON_LITERAL_NULL_CONVERSION = YES;
				CLANG_WARN_OBJC_IMPLICIT_RETAIN_SELF = YES;
				CLANG_WARN_OBJC_LITERAL_CONVERSION = YES;
				CLANG_WARN_OBJC_ROOT_CLASS = YES_ERROR;
				CLANG_WARN_QUOTED_INCLUDE_IN_FRAMEWORK_HEADER = YES;
				CLANG_WARN_RANGE_LOOP_ANALYSIS = YES;
				CLANG_WARN_STRICT_PROTOTYPES = YES;
				CLANG_WARN_SUSPICIOUS_MOVE = YES;
				CLANG_WARN_UNGUARDED_AVAILABILITY = YES_AGGRESSIVE;
				CLANG_WARN_UNREACHABLE_CODE = YES;
				CLANG_WARN__DUPLICATE_METHOD_MATCH = YES;
				COPY_PHASE_STRIP = NO;
				DEBUG_INFORMATION_FORMAT = dwarf;
				DEVELOPMENT_TEAM = Z9KPGC6299;
				ENABLE_STRICT_OBJC_MSGSEND = YES;
				ENABLE_TESTABILITY = YES;
				ENABLE_USER_SCRIPT_SANDBOXING = YES;
				GCC_C_LANGUAGE_STANDARD = gnu17;
				GCC_DYNAMIC_NO_PIC = NO;
				GCC_NO_COMMON_BLOCKS = YES;
				GCC_OPTIMIZATION_LEVEL = 0;
				GCC_PREPROCESSOR_DEFINITIONS = (
					"DEBUG=1",
					"$(inherited)",
				);
				GCC_WARN_64_TO_32_BIT_CONVERSION = YES;
				GCC_WARN_ABOUT_RETURN_TYPE = YES_ERROR;
				GCC_WARN_UNDECLARED_SELECTOR = YES;
				GCC_WARN_UNINITIALIZED_AUTOS = YES_AGGRESSIVE;
				GCC_WARN_UNUSED_FUNCTION = YES;
				GCC_WARN_UNUSED_VARIABLE = YES;
				IPHONEOS_DEPLOYMENT_TARGET = 18.4;
				LOCALIZATION_PREFERS_STRING_CATALOGS = YES;
				MTL_ENABLE_DEBUG_INFO = INCLUDE_SOURCE;
				MTL_FAST_MATH = YES;
				ONLY_ACTIVE_ARCH = YES;
				SDKROOT = iphoneos;
				SWIFT_ACTIVE_COMPILATION_CONDITIONS = "DEBUG $(inherited)";
				SWIFT_OPTIMIZATION_LEVEL = "-Onone";
			};
			name = Debug;
		};
		1EA1B27E2DDF6A7D001F1E5D /* Release */ = {
			isa = XCBuildConfiguration;
			buildSettings = {
				ALWAYS_SEARCH_USER_PATHS = NO;
				ASSETCATALOG_COMPILER_GENERATE_SWIFT_ASSET_SYMBOL_EXTENSIONS = YES;
				CLANG_ANALYZER_NONNULL = YES;
				CLANG_ANALYZER_NUMBER_OBJECT_CONVERSION = YES_AGGRESSIVE;
				CLANG_CXX_LANGUAGE_STANDARD = "gnu++20";
				CLANG_ENABLE_MODULES = YES;
				CLANG_ENABLE_OBJC_ARC = YES;
				CLANG_ENABLE_OBJC_WEAK = YES;
				CLANG_WARN_BLOCK_CAPTURE_AUTORELEASING = YES;
				CLANG_WARN_BOOL_CONVERSION = YES;
				CLANG_WARN_COMMA = YES;
				CLANG_WARN_CONSTANT_CONVERSION = YES;
				CLANG_WARN_DEPRECATED_OBJC_IMPLEMENTATIONS = YES;
				CLANG_WARN_DIRECT_OBJC_ISA_USAGE = YES_ERROR;
				CLANG_WARN_DOCUMENTATION_COMMENTS = YES;
				CLANG_WARN_EMPTY_BODY = YES;
				CLANG_WARN_ENUM_CONVERSION = YES;
				CLANG_WARN_INFINITE_RECURSION = YES;
				CLANG_WARN_INT_CONVERSION = YES;
				CLANG_WARN_NON_LITERAL_NULL_CONVERSION = YES;
				CLANG_WARN_OBJC_IMPLICIT_RETAIN_SELF = YES;
				CLANG_WARN_OBJC_LITERAL_CONVERSION = YES;
				CLANG_WARN_OBJC_ROOT_CLASS = YES_ERROR;
				CLANG_WARN_QUOTED_INCLUDE_IN_FRAMEWORK_HEADER = YES;
				CLANG_WARN_RANGE_LOOP_ANALYSIS = YES;
				CLANG_WARN_STRICT_PROTOTYPES = YES;
				CLANG_WARN_SUSPICIOUS_MOVE = YES;
				CLANG_WARN_UNGUARDED_AVAILABILITY = YES_AGGRESSIVE;
				CLANG_WARN_UNREACHABLE_CODE = YES;
				CLANG_WARN__DUPLICATE_METHOD_MATCH = YES;
				COPY_PHASE_STRIP = NO;
				DEBUG_INFORMATION_FORMAT = "dwarf-with-dsym";
				DEVELOPMENT_TEAM = Z9KPGC6299;
				ENABLE_NS_ASSERTIONS = NO;
				ENABLE_STRICT_OBJC_MSGSEND = YES;
				ENABLE_USER_SCRIPT_SANDBOXING = YES;
				GCC_C_LANGUAGE_STANDARD = gnu17;
				GCC_NO_COMMON_BLOCKS = YES;
				GCC_WARN_64_TO_32_BIT_CONVERSION = YES;
				GCC_WARN_ABOUT_RETURN_TYPE = YES_ERROR;
				GCC_WARN_UNDECLARED_SELECTOR = YES;
				GCC_WARN_UNINITIALIZED_AUTOS = YES_AGGRESSIVE;
				GCC_WARN_UNUSED_FUNCTION = YES;
				GCC_WARN_UNUSED_VARIABLE = YES;
				IPHONEOS_DEPLOYMENT_TARGET = 18.4;
				LOCALIZATION_PREFERS_STRING_CATALOGS = YES;
				MTL_ENABLE_DEBUG_INFO = NO;
				MTL_FAST_MATH = YES;
				SDKROOT = iphoneos;
				SWIFT_COMPILATION_MODE = wholemodule;
				VALIDATE_PRODUCT = YES;
			};
			name = Release;
		};
		1EA1B2802DDF6A7D001F1E5D /* Debug */ = {
			isa = XCBuildConfiguration;
			buildSettings = {
				ASSETCATALOG_COMPILER_APPICON_NAME = AppIcon;
				ASSETCATALOG_COMPILER_GLOBAL_ACCENT_COLOR_NAME = AccentColor;
				CODE_SIGN_STYLE = Automatic;
				CURRENT_PROJECT_VERSION = 1;
				DEVELOPMENT_TEAM = Z9KPGC6299;
				ENABLE_PREVIEWS = YES;
				GENERATE_INFOPLIST_FILE = YES;
				INFOPLIST_FILE = PWRWeather/Info.plist;
				INFOPLIST_KEY_NSLocationWhenInUseUsageDescription = "This app required access to the device's location";
				INFOPLIST_KEY_UIApplicationSceneManifest_Generation = YES;
				INFOPLIST_KEY_UIApplicationSupportsIndirectInputEvents = YES;
				INFOPLIST_KEY_UILaunchScreen_Generation = YES;
				INFOPLIST_KEY_UILaunchStoryboardName = "Launch Screen";
				INFOPLIST_KEY_UISupportedInterfaceOrientations = UIInterfaceOrientationPortrait;
				INFOPLIST_KEY_UISupportedInterfaceOrientations_iPad = "UIInterfaceOrientationLandscapeLeft UIInterfaceOrientationLandscapeRight UIInterfaceOrientationPortrait UIInterfaceOrientationPortraitUpsideDown";
				IPHONEOS_DEPLOYMENT_TARGET = 17.6;
				LD_RUNPATH_SEARCH_PATHS = (
					"$(inherited)",
					"@executable_path/Frameworks",
				);
				MARKETING_VERSION = 1.0;
				PRODUCT_BUNDLE_IDENTIFIER = com.albg.PWRWeather;
				PRODUCT_NAME = "$(TARGET_NAME)";
				SUPPORTED_PLATFORMS = "iphoneos iphonesimulator";
				SUPPORTS_MACCATALYST = NO;
				SUPPORTS_MAC_DESIGNED_FOR_IPHONE_IPAD = NO;
				SUPPORTS_XR_DESIGNED_FOR_IPHONE_IPAD = NO;
				SWIFT_EMIT_LOC_STRINGS = YES;
				SWIFT_VERSION = 5.0;
				TARGETED_DEVICE_FAMILY = 1;
			};
			name = Debug;
		};
		1EA1B2812DDF6A7D001F1E5D /* Release */ = {
			isa = XCBuildConfiguration;
			buildSettings = {
				ASSETCATALOG_COMPILER_APPICON_NAME = AppIcon;
				ASSETCATALOG_COMPILER_GLOBAL_ACCENT_COLOR_NAME = AccentColor;
				CODE_SIGN_STYLE = Automatic;
				CURRENT_PROJECT_VERSION = 1;
				DEVELOPMENT_TEAM = Z9KPGC6299;
				ENABLE_PREVIEWS = YES;
				GENERATE_INFOPLIST_FILE = YES;
				INFOPLIST_FILE = PWRWeather/Info.plist;
				INFOPLIST_KEY_NSLocationWhenInUseUsageDescription = "This app required access to the device's location";
				INFOPLIST_KEY_UIApplicationSceneManifest_Generation = YES;
				INFOPLIST_KEY_UIApplicationSupportsIndirectInputEvents = YES;
				INFOPLIST_KEY_UILaunchScreen_Generation = YES;
				INFOPLIST_KEY_UILaunchStoryboardName = "Launch Screen";
				INFOPLIST_KEY_UISupportedInterfaceOrientations = UIInterfaceOrientationPortrait;
				INFOPLIST_KEY_UISupportedInterfaceOrientations_iPad = "UIInterfaceOrientationLandscapeLeft UIInterfaceOrientationLandscapeRight UIInterfaceOrientationPortrait UIInterfaceOrientationPortraitUpsideDown";
				IPHONEOS_DEPLOYMENT_TARGET = 17.6;
				LD_RUNPATH_SEARCH_PATHS = (
					"$(inherited)",
					"@executable_path/Frameworks",
				);
				MARKETING_VERSION = 1.0;
				PRODUCT_BUNDLE_IDENTIFIER = com.albg.PWRWeather;
				PRODUCT_NAME = "$(TARGET_NAME)";
				SUPPORTED_PLATFORMS = "iphoneos iphonesimulator";
				SUPPORTS_MACCATALYST = NO;
				SUPPORTS_MAC_DESIGNED_FOR_IPHONE_IPAD = NO;
				SUPPORTS_XR_DESIGNED_FOR_IPHONE_IPAD = NO;
				SWIFT_EMIT_LOC_STRINGS = YES;
				SWIFT_VERSION = 5.0;
				TARGETED_DEVICE_FAMILY = 1;
			};
			name = Release;
		};
/* End XCBuildConfiguration section */

/* Begin XCConfigurationList section */
		1EA1B26F2DDF6A7C001F1E5D /* Build configuration list for PBXProject "PWRWeather" */ = {
			isa = XCConfigurationList;
			buildConfigurations = (
				1EA1B27D2DDF6A7D001F1E5D /* Debug */,
				1EA1B27E2DDF6A7D001F1E5D /* Release */,
			);
			defaultConfigurationIsVisible = 0;
			defaultConfigurationName = Release;
		};
		1EA1B27F2DDF6A7D001F1E5D /* Build configuration list for PBXNativeTarget "PWRWeather" */ = {
			isa = XCConfigurationList;
			buildConfigurations = (
				1EA1B2802DDF6A7D001F1E5D /* Debug */,
				1EA1B2812DDF6A7D001F1E5D /* Release */,
			);
			defaultConfigurationIsVisible = 0;
			defaultConfigurationName = Release;
		};
/* End XCConfigurationList section */
	};
	rootObject = 1EA1B26C2DDF6A7C001F1E5D /* Project object */;
}
